
Microsoft Visual Studio Solution File, Format Version 12.00
# Visual Studio Version 17
VisualStudioVersion = 17.1.32421.90
MinimumVisualStudioVersion = 10.0.40219.1
Project("{9A19103F-16F7-4668-BE54-9A1E7A4F7556}") = "OnionApp", "OnionApp\OnionApp.csproj", "{854FF5B8-EEB6-4C48-B8E8-72AD33F12DB8}"
EndProject
Project("{9A19103F-16F7-4668-BE54-9A1E7A4F7556}") = "AppDomain", "AppDomain\AppDomain.csproj", "{C7A3E18B-E678-4AC0-B936-4F81F07BE58F}"
EndProject
Project("{9A19103F-16F7-4668-BE54-9A1E7A4F7556}") = "AppService", "AppService\AppService.csproj", "{A7219157-820A-4B63-A3AF-B32F0DB4DA86}"
EndProject
Project("{9A19103F-16F7-4668-BE54-9A1E7A4F7556}") = "OnionApp.Tests", "OnionApp.Tests\OnionApp.Tests.csproj", "{33676B38-DBBB-4CE4-9F6A-57D649E5F666}"
EndProject
Project("{FAE04EC0-301F-11D3-BF4B-00C04F79EFBC}") = "AppInfrastructure", "AppInfrastructure\AppInfrastructure.csproj", "{C62C7327-214E-4C94-B034-465C5CCFCB7C}"
EndProject
Global
	GlobalSection(SolutionConfigurationPlatforms) = preSolution
		Debug|Any CPU = Debug|Any CPU
		Release|Any CPU = Release|Any CPU
	EndGlobalSection
	GlobalSection(ProjectConfigurationPlatforms) = postSolution
		{854FF5B8-EEB6-4C48-B8E8-72AD33F12DB8}.Debug|Any CPU.ActiveCfg = Debug|Any CPU
		{854FF5B8-EEB6-4C48-B8E8-72AD33F12DB8}.Debug|Any CPU.Build.0 = Debug|Any CPU
		{854FF5B8-EEB6-4C48-B8E8-72AD33F12DB8}.Release|Any CPU.ActiveCfg = Release|Any CPU
		{854FF5B8-EEB6-4C48-B8E8-72AD33F12DB8}.Release|Any CPU.Build.0 = Release|Any CPU
		{C7A3E18B-E678-4AC0-B936-4F81F07BE58F}.Debug|Any CPU.ActiveCfg = Debug|Any CPU
		{C7A3E18B-E678-4AC0-B936-4F81F07BE58F}.Debug|Any CPU.Build.0 = Debug|Any CPU
		{C7A3E18B-E678-4AC0-B936-4F81F07BE58F}.Release|Any CPU.ActiveCfg = Release|Any CPU
		{C7A3E18B-E678-4AC0-B936-4F81F07BE58F}.Release|Any CPU.Build.0 = Release|Any CPU
		{A7219157-820A-4B63-A3AF-B32F0DB4DA86}.Debug|Any CPU.ActiveCfg = Debug|Any CPU
		{A7219157-820A-4B63-A3AF-B32F0DB4DA86}.Debug|Any CPU.Build.0 = Debug|Any CPU
		{A7219157-820A-4B63-A3AF-B32F0DB4DA86}.Release|Any CPU.ActiveCfg = Release|Any CPU
		{A7219157-820A-4B63-A3AF-B32F0DB4DA86}.Release|Any CPU.Build.0 = Release|Any CPU
		{33676B38-DBBB-4CE4-9F6A-57D649E5F666}.Debug|Any CPU.ActiveCfg = Debug|Any CPU
		{33676B38-DBBB-4CE4-9F6A-57D649E5F666}.Debug|Any CPU.Build.0 = Debug|Any CPU
		{33676B38-DBBB-4CE4-9F6A-57D649E5F666}.Release|Any CPU.ActiveCfg = Release|Any CPU
		{33676B38-DBBB-4CE4-9F6A-57D649E5F666}.Release|Any CPU.Build.0 = Release|Any CPU
		{C62C7327-214E-4C94-B034-465C5CCFCB7C}.Debug|Any CPU.ActiveCfg = Debug|Any CPU
		{C62C7327-214E-4C94-B034-465C5CCFCB7C}.Debug|Any CPU.Build.0 = Debug|Any CPU
		{C62C7327-214E-4C94-B034-465C5CCFCB7C}.Release|Any CPU.ActiveCfg = Release|Any CPU
		{C62C7327-214E-4C94-B034-465C5CCFCB7C}.Release|Any CPU.Build.0 = Release|Any CPU
	EndGlobalSection
	GlobalSection(SolutionProperties) = preSolution
		HideSolutionNode = FALSE
	EndGlobalSection
	GlobalSection(ExtensibilityGlobals) = postSolution
		SolutionGuid = {F81E7921-F2B1-4F99-8742-B9D6194C6C62}
	EndGlobalSection
EndGlobal
